
Microsoft Visual Studio Solution File, Format Version 12.00
# Visual Studio Version 17
VisualStudioVersion = 17.2.32519.379
MinimumVisualStudioVersion = 10.0.40219.1
Project("{9A19103F-16F7-4668-BE54-9A1E7A4F7556}") = "AgoraDesktop", "AgoraDesktop\AgoraDesktop.csproj", "{A80DB2A2-EF5F-4486-B4C2-D55661341087}"
EndProject
Project("{9A19103F-16F7-4668-BE54-9A1E7A4F7556}") = "AgoraDatabase", "AgoraDatabase\AgoraDatabase.csproj", "{8FD1EAAB-FC90-4B0A-B5C9-6B0B42F4EC06}"
EndProject
Global
	GlobalSection(SolutionConfigurationPlatforms) = preSolution
		Debug|Any CPU = Debug|Any CPU
		Release|Any CPU = Release|Any CPU
	EndGlobalSection
	GlobalSection(ProjectConfigurationPlatforms) = postSolution
		{A80DB2A2-EF5F-4486-B4C2-D55661341087}.Debug|Any CPU.ActiveCfg = Debug|Any CPU
		{A80DB2A2-EF5F-4486-B4C2-D55661341087}.Debug|Any CPU.Build.0 = Debug|Any CPU
		{A80DB2A2-EF5F-4486-B4C2-D55661341087}.Release|Any CPU.ActiveCfg = Release|Any CPU
		{A80DB2A2-EF5F-4486-B4C2-D55661341087}.Release|Any CPU.Build.0 = Release|Any CPU
		{8FD1EAAB-FC90-4B0A-B5C9-6B0B42F4EC06}.Debug|Any CPU.ActiveCfg = Debug|Any CPU
		{8FD1EAAB-FC90-4B0A-B5C9-6B0B42F4EC06}.Debug|Any CPU.Build.0 = Debug|Any CPU
		{8FD1EAAB-FC90-4B0A-B5C9-6B0B42F4EC06}.Release|Any CPU.ActiveCfg = Release|Any CPU
		{8FD1EAAB-FC90-4B0A-B5C9-6B0B42F4EC06}.Release|Any CPU.Build.0 = Release|Any CPU
	EndGlobalSection
	GlobalSection(SolutionProperties) = preSolution
		HideSolutionNode = FALSE
	EndGlobalSection
	GlobalSection(ExtensibilityGlobals) = postSolution
		SolutionGuid = {C1E53CFA-30C3-444D-8DF2-2E3DC5DEA82A}
	EndGlobalSection
EndGlobal
